
Microsoft Visual Studio Solution File, Format Version 12.00
# Visual Studio Version 17
VisualStudioVersion = 17.6.33829.357
MinimumVisualStudioVersion = 10.0.40219.1
Project("{FAE04EC0-301F-11D3-BF4B-00C04F79EFBC}") = "StudentWebApplication", "StudentWebApplication.csproj", "{4ADF0DBD-7019-4173-ABE8-4AD893B73660}"
EndProject
Global
	GlobalSection(SolutionConfigurationPlatforms) = preSolution
		Debug|Any CPU = Debug|Any CPU
		Release|Any CPU = Release|Any CPU
	EndGlobalSection
	GlobalSection(ProjectConfigurationPlatforms) = postSolution
		{4ADF0DBD-7019-4173-ABE8-4AD893B73660}.Debug|Any CPU.ActiveCfg = Debug|Any CPU
		{4ADF0DBD-7019-4173-ABE8-4AD893B73660}.Debug|Any CPU.Build.0 = Debug|Any CPU
		{4ADF0DBD-7019-4173-ABE8-4AD893B73660}.Release|Any CPU.ActiveCfg = Release|Any CPU
		{4ADF0DBD-7019-4173-ABE8-4AD893B73660}.Release|Any CPU.Build.0 = Release|Any CPU
	EndGlobalSection
	GlobalSection(SolutionProperties) = preSolution
		HideSolutionNode = FALSE
	EndGlobalSection
	GlobalSection(ExtensibilityGlobals) = postSolution
		SolutionGuid = {48D7A71B-FD05-49E8-8994-6FFACAFA18CE}
	EndGlobalSection
EndGlobal
